// !$*UTF8*$!
{
	archiveVersion = 1;
	classes = {
	};
	objectVersion = 56;
	objects = {

/* Begin PBXBuildFile section */
		392C26182CAC3A85000C913A /* PodcastView.swift in Sources */ = {isa = PBXBuildFile; fileRef = 392C26172CAC3A85000C913A /* PodcastView.swift */; };
		392C261C2CE29CD6000C913A /* PersistenceController.swift in Sources */ = {isa = PBXBuildFile; fileRef = 392C261B2CE29CD6000C913A /* PersistenceController.swift */; };
		394745E12CE3E88500BD24F1 /* RadioApp.xcdatamodeld in Sources */ = {isa = PBXBuildFile; fileRef = 394745DF2CE3E88500BD24F1 /* RadioApp.xcdatamodeld */; };
		394745E32CE3E8C600BD24F1 /* CoreDataStack.swift in Sources */ = {isa = PBXBuildFile; fileRef = 394745E22CE3E8C600BD24F1 /* CoreDataStack.swift */; };
		394745E52CE3EA9000BD24F1 /* Person.swift in Sources */ = {isa = PBXBuildFile; fileRef = 394745E42CE3EA9000BD24F1 /* Person.swift */; };
		394745E92CE539DC00BD24F1 /* PeopleRepository.swift in Sources */ = {isa = PBXBuildFile; fileRef = 394745E82CE539DC00BD24F1 /* PeopleRepository.swift */; };
		39E32EAB2C7E138F00FEB4D9 /* SplashScreenView.swift in Sources */ = {isa = PBXBuildFile; fileRef = 39E32EAA2C7E138F00FEB4D9 /* SplashScreenView.swift */; };
		39E32EAD2C7E6A0500FEB4D9 /* NavBar.swift in Sources */ = {isa = PBXBuildFile; fileRef = 39E32EAC2C7E6A0500FEB4D9 /* NavBar.swift */; };
		39E32EAF2C7E6D3800FEB4D9 /* HomeView.swift in Sources */ = {isa = PBXBuildFile; fileRef = 39E32EAE2C7E6D3800FEB4D9 /* HomeView.swift */; };
		39E32EB12C7E6D5400FEB4D9 /* RadioListView.swift in Sources */ = {isa = PBXBuildFile; fileRef = 39E32EB02C7E6D5400FEB4D9 /* RadioListView.swift */; };
		39E32EB32C7E6D6400FEB4D9 /* PodcastListView.swift in Sources */ = {isa = PBXBuildFile; fileRef = 39E32EB22C7E6D6400FEB4D9 /* PodcastListView.swift */; };
		39E32EB52C7E6D7D00FEB4D9 /* LibraryView.swift in Sources */ = {isa = PBXBuildFile; fileRef = 39E32EB42C7E6D7D00FEB4D9 /* LibraryView.swift */; };
		39E32EB72C7FA01C00FEB4D9 /* HeaderView.swift in Sources */ = {isa = PBXBuildFile; fileRef = 39E32EB62C7FA01C00FEB4D9 /* HeaderView.swift */; };
		39E32EF52C8318EE00FEB4D9 /* FirebaseAuth in Frameworks */ = {isa = PBXBuildFile; productRef = 39E32EF42C8318EE00FEB4D9 /* FirebaseAuth */; };
		39E32EF72C8318EE00FEB4D9 /* FirebaseCrashlytics in Frameworks */ = {isa = PBXBuildFile; productRef = 39E32EF62C8318EE00FEB4D9 /* FirebaseCrashlytics */; };
		39E32EF92C8318EE00FEB4D9 /* FirebaseDatabase in Frameworks */ = {isa = PBXBuildFile; productRef = 39E32EF82C8318EE00FEB4D9 /* FirebaseDatabase */; };
		39E32EFB2C8318EE00FEB4D9 /* FirebaseFirestore in Frameworks */ = {isa = PBXBuildFile; productRef = 39E32EFA2C8318EE00FEB4D9 /* FirebaseFirestore */; };
		39E32EFD2C8318EE00FEB4D9 /* FirebaseStorage in Frameworks */ = {isa = PBXBuildFile; productRef = 39E32EFC2C8318EE00FEB4D9 /* FirebaseStorage */; };
		39E32F102C87514400FEB4D9 /* RadioStation.swift in Sources */ = {isa = PBXBuildFile; fileRef = 39E32F0F2C87514400FEB4D9 /* RadioStation.swift */; };
		39E32F182C89F54C00FEB4D9 /* Podcast.swift in Sources */ = {isa = PBXBuildFile; fileRef = 39E32F172C89F54C00FEB4D9 /* Podcast.swift */; };
		39E32F1E2C89FCB000FEB4D9 /* Radio.swift in Sources */ = {isa = PBXBuildFile; fileRef = 39E32F1D2C89FCB000FEB4D9 /* Radio.swift */; };
		39E32F272C93326200FEB4D9 /* PodcastItemView.swift in Sources */ = {isa = PBXBuildFile; fileRef = 39E32F262C93326200FEB4D9 /* PodcastItemView.swift */; };
		39E32F292C93328A00FEB4D9 /* RadioItemView.swift in Sources */ = {isa = PBXBuildFile; fileRef = 39E32F282C93328A00FEB4D9 /* RadioItemView.swift */; };
		39E32F2D2C94C10A00FEB4D9 /* DataManager.swift in Sources */ = {isa = PBXBuildFile; fileRef = 39E32F2C2C94C10A00FEB4D9 /* DataManager.swift */; };
		39F722052C77C17B00DB0CD1 /* RadioAppApp.swift in Sources */ = {isa = PBXBuildFile; fileRef = 39F722042C77C17B00DB0CD1 /* RadioAppApp.swift */; };
		39F722072C77C17B00DB0CD1 /* ContentView.swift in Sources */ = {isa = PBXBuildFile; fileRef = 39F722062C77C17B00DB0CD1 /* ContentView.swift */; };
		39F722092C77C17C00DB0CD1 /* Assets.xcassets in Resources */ = {isa = PBXBuildFile; fileRef = 39F722082C77C17C00DB0CD1 /* Assets.xcassets */; };
		39F7220C2C77C17C00DB0CD1 /* Preview Assets.xcassets in Resources */ = {isa = PBXBuildFile; fileRef = 39F7220B2C77C17C00DB0CD1 /* Preview Assets.xcassets */; };
		39F722162C77C17C00DB0CD1 /* RadioAppTests.swift in Sources */ = {isa = PBXBuildFile; fileRef = 39F722152C77C17C00DB0CD1 /* RadioAppTests.swift */; };
		39F722202C77C17C00DB0CD1 /* RadioAppUITests.swift in Sources */ = {isa = PBXBuildFile; fileRef = 39F7221F2C77C17C00DB0CD1 /* RadioAppUITests.swift */; };
		39F722222C77C17C00DB0CD1 /* RadioAppUITestsLaunchTests.swift in Sources */ = {isa = PBXBuildFile; fileRef = 39F722212C77C17C00DB0CD1 /* RadioAppUITestsLaunchTests.swift */; };
		6862D899FC8BBEBB2FE1FCD2 /* Pods_RadioApp.framework in Frameworks */ = {isa = PBXBuildFile; fileRef = ABDF6997E2E6205D5B94D831 /* Pods_RadioApp.framework */; };
		F9DC496DB647B16417901F06 /* Pods_RadioAppTests.framework in Frameworks */ = {isa = PBXBuildFile; fileRef = 9D4A6FBA2B103D344355346F /* Pods_RadioAppTests.framework */; };
		FD57061AB11C07A564150308 /* Pods_RadioApp_RadioAppUITests.framework in Frameworks */ = {isa = PBXBuildFile; fileRef = E1CE3C588BD3687DBB84ABF7 /* Pods_RadioApp_RadioAppUITests.framework */; };
/* End PBXBuildFile section */

/* Begin PBXContainerItemProxy section */
		39F722122C77C17C00DB0CD1 /* PBXContainerItemProxy */ = {
			isa = PBXContainerItemProxy;
			containerPortal = 39F721F92C77C17B00DB0CD1 /* Project object */;
			proxyType = 1;
			remoteGlobalIDString = 39F722002C77C17B00DB0CD1;
			remoteInfo = RadioApp;
		};
		39F7221C2C77C17C00DB0CD1 /* PBXContainerItemProxy */ = {
			isa = PBXContainerItemProxy;
			containerPortal = 39F721F92C77C17B00DB0CD1 /* Project object */;
			proxyType = 1;
			remoteGlobalIDString = 39F722002C77C17B00DB0CD1;
			remoteInfo = RadioApp;
		};
/* End PBXContainerItemProxy section */

/* Begin PBXFileReference section */
		1BE4A4B43A71D6295BD00FB9 /* Pods-RadioApp.debug.xcconfig */ = {isa = PBXFileReference; includeInIndex = 1; lastKnownFileType = text.xcconfig; name = "Pods-RadioApp.debug.xcconfig"; path = "Target Support Files/Pods-RadioApp/Pods-RadioApp.debug.xcconfig"; sourceTree = "<group>"; };
		392C26172CAC3A85000C913A /* PodcastView.swift */ = {isa = PBXFileReference; lastKnownFileType = sourcecode.swift; path = PodcastView.swift; sourceTree = "<group>"; };
		392C261B2CE29CD6000C913A /* PersistenceController.swift */ = {isa = PBXFileReference; lastKnownFileType = sourcecode.swift; path = PersistenceController.swift; sourceTree = "<group>"; };
		394745E02CE3E88500BD24F1 /* RadioApp.xcdatamodel */ = {isa = PBXFileReference; lastKnownFileType = wrapper.xcdatamodel; path = RadioApp.xcdatamodel; sourceTree = "<group>"; };
		394745E22CE3E8C600BD24F1 /* CoreDataStack.swift */ = {isa = PBXFileReference; lastKnownFileType = sourcecode.swift; path = CoreDataStack.swift; sourceTree = "<group>"; };
		394745E42CE3EA9000BD24F1 /* Person.swift */ = {isa = PBXFileReference; lastKnownFileType = sourcecode.swift; path = Person.swift; sourceTree = "<group>"; };
		394745E82CE539DC00BD24F1 /* PeopleRepository.swift */ = {isa = PBXFileReference; lastKnownFileType = sourcecode.swift; path = PeopleRepository.swift; sourceTree = "<group>"; };
		39E32EAA2C7E138F00FEB4D9 /* SplashScreenView.swift */ = {isa = PBXFileReference; lastKnownFileType = sourcecode.swift; path = SplashScreenView.swift; sourceTree = "<group>"; usesTabs = 0; };
		39E32EAC2C7E6A0500FEB4D9 /* NavBar.swift */ = {isa = PBXFileReference; lastKnownFileType = sourcecode.swift; path = NavBar.swift; sourceTree = "<group>"; };
		39E32EAE2C7E6D3800FEB4D9 /* HomeView.swift */ = {isa = PBXFileReference; lastKnownFileType = sourcecode.swift; path = HomeView.swift; sourceTree = "<group>"; };
		39E32EB02C7E6D5400FEB4D9 /* RadioListView.swift */ = {isa = PBXFileReference; lastKnownFileType = sourcecode.swift; path = RadioListView.swift; sourceTree = "<group>"; };
		39E32EB22C7E6D6400FEB4D9 /* PodcastListView.swift */ = {isa = PBXFileReference; lastKnownFileType = sourcecode.swift; path = PodcastListView.swift; sourceTree = "<group>"; };
		39E32EB42C7E6D7D00FEB4D9 /* LibraryView.swift */ = {isa = PBXFileReference; lastKnownFileType = sourcecode.swift; path = LibraryView.swift; sourceTree = "<group>"; };
		39E32EB62C7FA01C00FEB4D9 /* HeaderView.swift */ = {isa = PBXFileReference; lastKnownFileType = sourcecode.swift; path = HeaderView.swift; sourceTree = "<group>"; };
		39E32EB82C7FA7FF00FEB4D9 /* Info.plist */ = {isa = PBXFileReference; lastKnownFileType = text.plist; path = Info.plist; sourceTree = "<group>"; };
		39E32F0F2C87514400FEB4D9 /* RadioStation.swift */ = {isa = PBXFileReference; lastKnownFileType = sourcecode.swift; path = RadioStation.swift; sourceTree = "<group>"; };
		39E32F172C89F54C00FEB4D9 /* Podcast.swift */ = {isa = PBXFileReference; lastKnownFileType = sourcecode.swift; path = Podcast.swift; sourceTree = "<group>"; };
		39E32F1D2C89FCB000FEB4D9 /* Radio.swift */ = {isa = PBXFileReference; lastKnownFileType = sourcecode.swift; path = Radio.swift; sourceTree = "<group>"; };
		39E32F262C93326200FEB4D9 /* PodcastItemView.swift */ = {isa = PBXFileReference; lastKnownFileType = sourcecode.swift; path = PodcastItemView.swift; sourceTree = "<group>"; };
		39E32F282C93328A00FEB4D9 /* RadioItemView.swift */ = {isa = PBXFileReference; lastKnownFileType = sourcecode.swift; path = RadioItemView.swift; sourceTree = "<group>"; };
		39E32F2C2C94C10A00FEB4D9 /* DataManager.swift */ = {isa = PBXFileReference; lastKnownFileType = sourcecode.swift; path = DataManager.swift; sourceTree = "<group>"; };
		39F722012C77C17B00DB0CD1 /* RadioApp.app */ = {isa = PBXFileReference; explicitFileType = wrapper.application; includeInIndex = 0; path = RadioApp.app; sourceTree = BUILT_PRODUCTS_DIR; };
		39F722042C77C17B00DB0CD1 /* RadioAppApp.swift */ = {isa = PBXFileReference; lastKnownFileType = sourcecode.swift; path = RadioAppApp.swift; sourceTree = "<group>"; };
		39F722062C77C17B00DB0CD1 /* ContentView.swift */ = {isa = PBXFileReference; lastKnownFileType = sourcecode.swift; path = ContentView.swift; sourceTree = "<group>"; };
		39F722082C77C17C00DB0CD1 /* Assets.xcassets */ = {isa = PBXFileReference; lastKnownFileType = folder.assetcatalog; path = Assets.xcassets; sourceTree = "<group>"; };
		39F7220B2C77C17C00DB0CD1 /* Preview Assets.xcassets */ = {isa = PBXFileReference; lastKnownFileType = folder.assetcatalog; path = "Preview Assets.xcassets"; sourceTree = "<group>"; };
		39F722112C77C17C00DB0CD1 /* RadioAppTests.xctest */ = {isa = PBXFileReference; explicitFileType = wrapper.cfbundle; includeInIndex = 0; path = RadioAppTests.xctest; sourceTree = BUILT_PRODUCTS_DIR; };
		39F722152C77C17C00DB0CD1 /* RadioAppTests.swift */ = {isa = PBXFileReference; lastKnownFileType = sourcecode.swift; path = RadioAppTests.swift; sourceTree = "<group>"; };
		39F7221B2C77C17C00DB0CD1 /* RadioAppUITests.xctest */ = {isa = PBXFileReference; explicitFileType = wrapper.cfbundle; includeInIndex = 0; path = RadioAppUITests.xctest; sourceTree = BUILT_PRODUCTS_DIR; };
		39F7221F2C77C17C00DB0CD1 /* RadioAppUITests.swift */ = {isa = PBXFileReference; lastKnownFileType = sourcecode.swift; path = RadioAppUITests.swift; sourceTree = "<group>"; };
		39F722212C77C17C00DB0CD1 /* RadioAppUITestsLaunchTests.swift */ = {isa = PBXFileReference; lastKnownFileType = sourcecode.swift; path = RadioAppUITestsLaunchTests.swift; sourceTree = "<group>"; };
		58E61ED9493CAF091B13049C /* Pods-RadioApp-RadioAppUITests.debug.xcconfig */ = {isa = PBXFileReference; includeInIndex = 1; lastKnownFileType = text.xcconfig; name = "Pods-RadioApp-RadioAppUITests.debug.xcconfig"; path = "Target Support Files/Pods-RadioApp-RadioAppUITests/Pods-RadioApp-RadioAppUITests.debug.xcconfig"; sourceTree = "<group>"; };
		8A2042214F69AFF00797ADE4 /* Pods-RadioAppTests.release.xcconfig */ = {isa = PBXFileReference; includeInIndex = 1; lastKnownFileType = text.xcconfig; name = "Pods-RadioAppTests.release.xcconfig"; path = "Target Support Files/Pods-RadioAppTests/Pods-RadioAppTests.release.xcconfig"; sourceTree = "<group>"; };
		9D4A6FBA2B103D344355346F /* Pods_RadioAppTests.framework */ = {isa = PBXFileReference; explicitFileType = wrapper.framework; includeInIndex = 0; path = Pods_RadioAppTests.framework; sourceTree = BUILT_PRODUCTS_DIR; };
		ABDF6997E2E6205D5B94D831 /* Pods_RadioApp.framework */ = {isa = PBXFileReference; explicitFileType = wrapper.framework; includeInIndex = 0; path = Pods_RadioApp.framework; sourceTree = BUILT_PRODUCTS_DIR; };
		CA03292A78081536608158D6 /* Pods-RadioAppTests.debug.xcconfig */ = {isa = PBXFileReference; includeInIndex = 1; lastKnownFileType = text.xcconfig; name = "Pods-RadioAppTests.debug.xcconfig"; path = "Target Support Files/Pods-RadioAppTests/Pods-RadioAppTests.debug.xcconfig"; sourceTree = "<group>"; };
		E1CE3C588BD3687DBB84ABF7 /* Pods_RadioApp_RadioAppUITests.framework */ = {isa = PBXFileReference; explicitFileType = wrapper.framework; includeInIndex = 0; path = Pods_RadioApp_RadioAppUITests.framework; sourceTree = BUILT_PRODUCTS_DIR; };
		ED3B55AE096C9FF8CCFF937D /* Pods-RadioApp-RadioAppUITests.release.xcconfig */ = {isa = PBXFileReference; includeInIndex = 1; lastKnownFileType = text.xcconfig; name = "Pods-RadioApp-RadioAppUITests.release.xcconfig"; path = "Target Support Files/Pods-RadioApp-RadioAppUITests/Pods-RadioApp-RadioAppUITests.release.xcconfig"; sourceTree = "<group>"; };
		EDF9BD287684CC2531635ACA /* Pods-RadioApp.release.xcconfig */ = {isa = PBXFileReference; includeInIndex = 1; lastKnownFileType = text.xcconfig; name = "Pods-RadioApp.release.xcconfig"; path = "Target Support Files/Pods-RadioApp/Pods-RadioApp.release.xcconfig"; sourceTree = "<group>"; };
/* End PBXFileReference section */

/* Begin PBXFrameworksBuildPhase section */
		39F721FE2C77C17B00DB0CD1 /* Frameworks */ = {
			isa = PBXFrameworksBuildPhase;
			buildActionMask = 2147483647;
			files = (
				39E32EF72C8318EE00FEB4D9 /* FirebaseCrashlytics in Frameworks */,
				6862D899FC8BBEBB2FE1FCD2 /* Pods_RadioApp.framework in Frameworks */,
				39E32EF92C8318EE00FEB4D9 /* FirebaseDatabase in Frameworks */,
				39E32EFB2C8318EE00FEB4D9 /* FirebaseFirestore in Frameworks */,
				39E32EF52C8318EE00FEB4D9 /* FirebaseAuth in Frameworks */,
				39E32EFD2C8318EE00FEB4D9 /* FirebaseStorage in Frameworks */,
			);
			runOnlyForDeploymentPostprocessing = 0;
		};
		39F7220E2C77C17C00DB0CD1 /* Frameworks */ = {
			isa = PBXFrameworksBuildPhase;
			buildActionMask = 2147483647;
			files = (
				F9DC496DB647B16417901F06 /* Pods_RadioAppTests.framework in Frameworks */,
			);
			runOnlyForDeploymentPostprocessing = 0;
		};
		39F722182C77C17C00DB0CD1 /* Frameworks */ = {
			isa = PBXFrameworksBuildPhase;
			buildActionMask = 2147483647;
			files = (
				FD57061AB11C07A564150308 /* Pods_RadioApp_RadioAppUITests.framework in Frameworks */,
			);
			runOnlyForDeploymentPostprocessing = 0;
		};
/* End PBXFrameworksBuildPhase section */

/* Begin PBXGroup section */
		394745DE2CE3E85000BD24F1 /* CoreData */ = {
			isa = PBXGroup;
			children = (
				394745E22CE3E8C600BD24F1 /* CoreDataStack.swift */,
				394745DF2CE3E88500BD24F1 /* RadioApp.xcdatamodeld */,
				394745E42CE3EA9000BD24F1 /* Person.swift */,
				394745E82CE539DC00BD24F1 /* PeopleRepository.swift */,
			);
			path = CoreData;
			sourceTree = "<group>";
		};
		39E32F112C87523600FEB4D9 /* Models */ = {
			isa = PBXGroup;
			children = (
				394745DE2CE3E85000BD24F1 /* CoreData */,
				39E32F0F2C87514400FEB4D9 /* RadioStation.swift */,
				39E32F172C89F54C00FEB4D9 /* Podcast.swift */,
				39E32F2C2C94C10A00FEB4D9 /* DataManager.swift */,
			);
			path = Models;
			sourceTree = "<group>";
		};
		39E32F122C87525300FEB4D9 /* View */ = {
			isa = PBXGroup;
			children = (
				39E32F1C2C89FC9C00FEB4D9 /* Home */,
				39E32F1B2C89FC7F00FEB4D9 /* Radio */,
				39E32F1A2C89FC7300FEB4D9 /* Podcast */,
				39E32F192C89FC6600FEB4D9 /* Library */,
			);
			path = View;
			sourceTree = "<group>";
		};
		39E32F192C89FC6600FEB4D9 /* Library */ = {
			isa = PBXGroup;
			children = (
				39E32EB42C7E6D7D00FEB4D9 /* LibraryView.swift */,
			);
			path = Library;
			sourceTree = "<group>";
		};
		39E32F1A2C89FC7300FEB4D9 /* Podcast */ = {
			isa = PBXGroup;
			children = (
				39E32EB22C7E6D6400FEB4D9 /* PodcastListView.swift */,
				392C26172CAC3A85000C913A /* PodcastView.swift */,
			);
			path = Podcast;
			sourceTree = "<group>";
		};
		39E32F1B2C89FC7F00FEB4D9 /* Radio */ = {
			isa = PBXGroup;
			children = (
				39E32EB02C7E6D5400FEB4D9 /* RadioListView.swift */,
				39E32F1D2C89FCB000FEB4D9 /* Radio.swift */,
			);
			path = Radio;
			sourceTree = "<group>";
		};
		39E32F1C2C89FC9C00FEB4D9 /* Home */ = {
			isa = PBXGroup;
			children = (
				39E32EAE2C7E6D3800FEB4D9 /* HomeView.swift */,
			);
			path = Home;
			sourceTree = "<group>";
		};
		39E32F232C93323200FEB4D9 /* itemView */ = {
			isa = PBXGroup;
			children = (
				39E32F252C93324700FEB4D9 /* Podcast */,
				39E32F242C93323C00FEB4D9 /* Radio */,
			);
			path = itemView;
			sourceTree = "<group>";
		};
		39E32F242C93323C00FEB4D9 /* Radio */ = {
			isa = PBXGroup;
			children = (
				39E32F282C93328A00FEB4D9 /* RadioItemView.swift */,
			);
			path = Radio;
			sourceTree = "<group>";
		};
		39E32F252C93324700FEB4D9 /* Podcast */ = {
			isa = PBXGroup;
			children = (
				39E32F262C93326200FEB4D9 /* PodcastItemView.swift */,
			);
			path = Podcast;
			sourceTree = "<group>";
		};
		39F721F82C77C17B00DB0CD1 = {
			isa = PBXGroup;
			children = (
				39F722032C77C17B00DB0CD1 /* RadioApp */,
				39F722142C77C17C00DB0CD1 /* RadioAppTests */,
				39F7221E2C77C17C00DB0CD1 /* RadioAppUITests */,
				39F722022C77C17B00DB0CD1 /* Products */,
				6C0E192958E21AFAF44BF0C4 /* Pods */,
				E1FFC8CC9EE265E15CB28894 /* Frameworks */,
			);
			sourceTree = "<group>";
		};
		39F722022C77C17B00DB0CD1 /* Products */ = {
			isa = PBXGroup;
			children = (
				39F722012C77C17B00DB0CD1 /* RadioApp.app */,
				39F722112C77C17C00DB0CD1 /* RadioAppTests.xctest */,
				39F7221B2C77C17C00DB0CD1 /* RadioAppUITests.xctest */,
			);
			name = Products;
			sourceTree = "<group>";
		};
		39F722032C77C17B00DB0CD1 /* RadioApp */ = {
			isa = PBXGroup;
			children = (
				39E32F232C93323200FEB4D9 /* itemView */,
				39E32F122C87525300FEB4D9 /* View */,
				39E32F112C87523600FEB4D9 /* Models */,
				39E32EB82C7FA7FF00FEB4D9 /* Info.plist */,
				39F722042C77C17B00DB0CD1 /* RadioAppApp.swift */,
				39F722062C77C17B00DB0CD1 /* ContentView.swift */,
				39F722082C77C17C00DB0CD1 /* Assets.xcassets */,
				39F7220A2C77C17C00DB0CD1 /* Preview Content */,
				39E32EAA2C7E138F00FEB4D9 /* SplashScreenView.swift */,
				39E32EAC2C7E6A0500FEB4D9 /* NavBar.swift */,
				39E32EB62C7FA01C00FEB4D9 /* HeaderView.swift */,
				392C261B2CE29CD6000C913A /* PersistenceController.swift */,
			);
			path = RadioApp;
			sourceTree = "<group>";
		};
		39F7220A2C77C17C00DB0CD1 /* Preview Content */ = {
			isa = PBXGroup;
			children = (
				39F7220B2C77C17C00DB0CD1 /* Preview Assets.xcassets */,
			);
			path = "Preview Content";
			sourceTree = "<group>";
		};
		39F722142C77C17C00DB0CD1 /* RadioAppTests */ = {
			isa = PBXGroup;
			children = (
				39F722152C77C17C00DB0CD1 /* RadioAppTests.swift */,
			);
			path = RadioAppTests;
			sourceTree = "<group>";
		};
		39F7221E2C77C17C00DB0CD1 /* RadioAppUITests */ = {
			isa = PBXGroup;
			children = (
				39F7221F2C77C17C00DB0CD1 /* RadioAppUITests.swift */,
				39F722212C77C17C00DB0CD1 /* RadioAppUITestsLaunchTests.swift */,
			);
			path = RadioAppUITests;
			sourceTree = "<group>";
		};
		6C0E192958E21AFAF44BF0C4 /* Pods */ = {
			isa = PBXGroup;
			children = (
				1BE4A4B43A71D6295BD00FB9 /* Pods-RadioApp.debug.xcconfig */,
				EDF9BD287684CC2531635ACA /* Pods-RadioApp.release.xcconfig */,
				58E61ED9493CAF091B13049C /* Pods-RadioApp-RadioAppUITests.debug.xcconfig */,
				ED3B55AE096C9FF8CCFF937D /* Pods-RadioApp-RadioAppUITests.release.xcconfig */,
				CA03292A78081536608158D6 /* Pods-RadioAppTests.debug.xcconfig */,
				8A2042214F69AFF00797ADE4 /* Pods-RadioAppTests.release.xcconfig */,
			);
			path = Pods;
			sourceTree = "<group>";
		};
		E1FFC8CC9EE265E15CB28894 /* Frameworks */ = {
			isa = PBXGroup;
			children = (
				ABDF6997E2E6205D5B94D831 /* Pods_RadioApp.framework */,
				E1CE3C588BD3687DBB84ABF7 /* Pods_RadioApp_RadioAppUITests.framework */,
				9D4A6FBA2B103D344355346F /* Pods_RadioAppTests.framework */,
			);
			name = Frameworks;
			sourceTree = "<group>";
		};
/* End PBXGroup section */

/* Begin PBXNativeTarget section */
		39F722002C77C17B00DB0CD1 /* RadioApp */ = {
			isa = PBXNativeTarget;
			buildConfigurationList = 39F722252C77C17C00DB0CD1 /* Build configuration list for PBXNativeTarget "RadioApp" */;
			buildPhases = (
				5683DDB8DC10EB0727B70AC1 /* [CP] Check Pods Manifest.lock */,
				39F721FD2C77C17B00DB0CD1 /* Sources */,
				39F721FE2C77C17B00DB0CD1 /* Frameworks */,
				39F721FF2C77C17B00DB0CD1 /* Resources */,
				317194B889FE9C1B9DDABD8D /* [CP] Embed Pods Frameworks */,
			);
			buildRules = (
			);
			dependencies = (
			);
			name = RadioApp;
			packageProductDependencies = (
				39E32EF42C8318EE00FEB4D9 /* FirebaseAuth */,
				39E32EF62C8318EE00FEB4D9 /* FirebaseCrashlytics */,
				39E32EF82C8318EE00FEB4D9 /* FirebaseDatabase */,
				39E32EFA2C8318EE00FEB4D9 /* FirebaseFirestore */,
				39E32EFC2C8318EE00FEB4D9 /* FirebaseStorage */,
			);
			productName = RadioApp;
			productReference = 39F722012C77C17B00DB0CD1 /* RadioApp.app */;
			productType = "com.apple.product-type.application";
		};
		39F722102C77C17C00DB0CD1 /* RadioAppTests */ = {
			isa = PBXNativeTarget;
			buildConfigurationList = 39F722282C77C17C00DB0CD1 /* Build configuration list for PBXNativeTarget "RadioAppTests" */;
			buildPhases = (
				993DE225BE8DD401C0288A7A /* [CP] Check Pods Manifest.lock */,
				39F7220D2C77C17C00DB0CD1 /* Sources */,
				39F7220E2C77C17C00DB0CD1 /* Frameworks */,
				39F7220F2C77C17C00DB0CD1 /* Resources */,
			);
			buildRules = (
			);
			dependencies = (
				39F722132C77C17C00DB0CD1 /* PBXTargetDependency */,
			);
			name = RadioAppTests;
			productName = RadioAppTests;
			productReference = 39F722112C77C17C00DB0CD1 /* RadioAppTests.xctest */;
			productType = "com.apple.product-type.bundle.unit-test";
		};
		39F7221A2C77C17C00DB0CD1 /* RadioAppUITests */ = {
			isa = PBXNativeTarget;
			buildConfigurationList = 39F7222B2C77C17C00DB0CD1 /* Build configuration list for PBXNativeTarget "RadioAppUITests" */;
			buildPhases = (
				907E008389B418A31A50D9DC /* [CP] Check Pods Manifest.lock */,
				39F722172C77C17C00DB0CD1 /* Sources */,
				39F722182C77C17C00DB0CD1 /* Frameworks */,
				39F722192C77C17C00DB0CD1 /* Resources */,
				7F742D10882523D1ACDD81EF /* [CP] Embed Pods Frameworks */,
			);
			buildRules = (
			);
			dependencies = (
				39F7221D2C77C17C00DB0CD1 /* PBXTargetDependency */,
			);
			name = RadioAppUITests;
			productName = RadioAppUITests;
			productReference = 39F7221B2C77C17C00DB0CD1 /* RadioAppUITests.xctest */;
			productType = "com.apple.product-type.bundle.ui-testing";
		};
/* End PBXNativeTarget section */

/* Begin PBXProject section */
		39F721F92C77C17B00DB0CD1 /* Project object */ = {
			isa = PBXProject;
			attributes = {
				BuildIndependentTargetsInParallel = 1;
				LastSwiftUpdateCheck = 1540;
				LastUpgradeCheck = 1540;
				TargetAttributes = {
					39F722002C77C17B00DB0CD1 = {
						CreatedOnToolsVersion = 15.4;
					};
					39F722102C77C17C00DB0CD1 = {
						CreatedOnToolsVersion = 15.4;
						TestTargetID = 39F722002C77C17B00DB0CD1;
					};
					39F7221A2C77C17C00DB0CD1 = {
						CreatedOnToolsVersion = 15.4;
						TestTargetID = 39F722002C77C17B00DB0CD1;
					};
				};
			};
			buildConfigurationList = 39F721FC2C77C17B00DB0CD1 /* Build configuration list for PBXProject "RadioApp" */;
			compatibilityVersion = "Xcode 14.0";
			developmentRegion = en;
			hasScannedForEncodings = 0;
			knownRegions = (
				en,
				Base,
			);
			mainGroup = 39F721F82C77C17B00DB0CD1;
			packageReferences = (
				39E32EF32C8318EE00FEB4D9 /* XCRemoteSwiftPackageReference "firebase-ios-sdk" */,
			);
			productRefGroup = 39F722022C77C17B00DB0CD1 /* Products */;
			projectDirPath = "";
			projectRoot = "";
			targets = (
				39F722002C77C17B00DB0CD1 /* RadioApp */,
				39F722102C77C17C00DB0CD1 /* RadioAppTests */,
				39F7221A2C77C17C00DB0CD1 /* RadioAppUITests */,
			);
		};
/* End PBXProject section */

/* Begin PBXResourcesBuildPhase section */
		39F721FF2C77C17B00DB0CD1 /* Resources */ = {
			isa = PBXResourcesBuildPhase;
			buildActionMask = 2147483647;
			files = (
				39F7220C2C77C17C00DB0CD1 /* Preview Assets.xcassets in Resources */,
				39F722092C77C17C00DB0CD1 /* Assets.xcassets in Resources */,
			);
			runOnlyForDeploymentPostprocessing = 0;
		};
		39F7220F2C77C17C00DB0CD1 /* Resources */ = {
			isa = PBXResourcesBuildPhase;
			buildActionMask = 2147483647;
			files = (
			);
			runOnlyForDeploymentPostprocessing = 0;
		};
		39F722192C77C17C00DB0CD1 /* Resources */ = {
			isa = PBXResourcesBuildPhase;
			buildActionMask = 2147483647;
			files = (
			);
			runOnlyForDeploymentPostprocessing = 0;
		};
/* End PBXResourcesBuildPhase section */

/* Begin PBXShellScriptBuildPhase section */
		317194B889FE9C1B9DDABD8D /* [CP] Embed Pods Frameworks */ = {
			isa = PBXShellScriptBuildPhase;
			buildActionMask = 2147483647;
			files = (
			);
			inputFileListPaths = (
				"${PODS_ROOT}/Target Support Files/Pods-RadioApp/Pods-RadioApp-frameworks-${CONFIGURATION}-input-files.xcfilelist",
			);
			name = "[CP] Embed Pods Frameworks";
			outputFileListPaths = (
				"${PODS_ROOT}/Target Support Files/Pods-RadioApp/Pods-RadioApp-frameworks-${CONFIGURATION}-output-files.xcfilelist",
			);
			runOnlyForDeploymentPostprocessing = 0;
			shellPath = /bin/sh;
			shellScript = "\"${PODS_ROOT}/Target Support Files/Pods-RadioApp/Pods-RadioApp-frameworks.sh\"\n";
			showEnvVarsInLog = 0;
		};
		5683DDB8DC10EB0727B70AC1 /* [CP] Check Pods Manifest.lock */ = {
			isa = PBXShellScriptBuildPhase;
			buildActionMask = 2147483647;
			files = (
			);
			inputFileListPaths = (
			);
			inputPaths = (
				"${PODS_PODFILE_DIR_PATH}/Podfile.lock",
				"${PODS_ROOT}/Manifest.lock",
			);
			name = "[CP] Check Pods Manifest.lock";
			outputFileListPaths = (
			);
			outputPaths = (
				"$(DERIVED_FILE_DIR)/Pods-RadioApp-checkManifestLockResult.txt",
			);
			runOnlyForDeploymentPostprocessing = 0;
			shellPath = /bin/sh;
			shellScript = "diff \"${PODS_PODFILE_DIR_PATH}/Podfile.lock\" \"${PODS_ROOT}/Manifest.lock\" > /dev/null\nif [ $? != 0 ] ; then\n    # print error to STDERR\n    echo \"error: The sandbox is not in sync with the Podfile.lock. Run 'pod install' or update your CocoaPods installation.\" >&2\n    exit 1\nfi\n# This output is used by Xcode 'outputs' to avoid re-running this script phase.\necho \"SUCCESS\" > \"${SCRIPT_OUTPUT_FILE_0}\"\n";
			showEnvVarsInLog = 0;
		};
		7F742D10882523D1ACDD81EF /* [CP] Embed Pods Frameworks */ = {
			isa = PBXShellScriptBuildPhase;
			buildActionMask = 2147483647;
			files = (
			);
			inputFileListPaths = (
				"${PODS_ROOT}/Target Support Files/Pods-RadioApp-RadioAppUITests/Pods-RadioApp-RadioAppUITests-frameworks-${CONFIGURATION}-input-files.xcfilelist",
			);
			name = "[CP] Embed Pods Frameworks";
			outputFileListPaths = (
				"${PODS_ROOT}/Target Support Files/Pods-RadioApp-RadioAppUITests/Pods-RadioApp-RadioAppUITests-frameworks-${CONFIGURATION}-output-files.xcfilelist",
			);
			runOnlyForDeploymentPostprocessing = 0;
			shellPath = /bin/sh;
			shellScript = "\"${PODS_ROOT}/Target Support Files/Pods-RadioApp-RadioAppUITests/Pods-RadioApp-RadioAppUITests-frameworks.sh\"\n";
			showEnvVarsInLog = 0;
		};
		907E008389B418A31A50D9DC /* [CP] Check Pods Manifest.lock */ = {
			isa = PBXShellScriptBuildPhase;
			buildActionMask = 2147483647;
			files = (
			);
			inputFileListPaths = (
			);
			inputPaths = (
				"${PODS_PODFILE_DIR_PATH}/Podfile.lock",
				"${PODS_ROOT}/Manifest.lock",
			);
			name = "[CP] Check Pods Manifest.lock";
			outputFileListPaths = (
			);
			outputPaths = (
				"$(DERIVED_FILE_DIR)/Pods-RadioApp-RadioAppUITests-checkManifestLockResult.txt",
			);
			runOnlyForDeploymentPostprocessing = 0;
			shellPath = /bin/sh;
			shellScript = "diff \"${PODS_PODFILE_DIR_PATH}/Podfile.lock\" \"${PODS_ROOT}/Manifest.lock\" > /dev/null\nif [ $? != 0 ] ; then\n    # print error to STDERR\n    echo \"error: The sandbox is not in sync with the Podfile.lock. Run 'pod install' or update your CocoaPods installation.\" >&2\n    exit 1\nfi\n# This output is used by Xcode 'outputs' to avoid re-running this script phase.\necho \"SUCCESS\" > \"${SCRIPT_OUTPUT_FILE_0}\"\n";
			showEnvVarsInLog = 0;
		};
		993DE225BE8DD401C0288A7A /* [CP] Check Pods Manifest.lock */ = {
			isa = PBXShellScriptBuildPhase;
			buildActionMask = 2147483647;
			files = (
			);
			inputFileListPaths = (
			);
			inputPaths = (
				"${PODS_PODFILE_DIR_PATH}/Podfile.lock",
				"${PODS_ROOT}/Manifest.lock",
			);
			name = "[CP] Check Pods Manifest.lock";
			outputFileListPaths = (
			);
			outputPaths = (
				"$(DERIVED_FILE_DIR)/Pods-RadioAppTests-checkManifestLockResult.txt",
			);
			runOnlyForDeploymentPostprocessing = 0;
			shellPath = /bin/sh;
			shellScript = "diff \"${PODS_PODFILE_DIR_PATH}/Podfile.lock\" \"${PODS_ROOT}/Manifest.lock\" > /dev/null\nif [ $? != 0 ] ; then\n    # print error to STDERR\n    echo \"error: The sandbox is not in sync with the Podfile.lock. Run 'pod install' or update your CocoaPods installation.\" >&2\n    exit 1\nfi\n# This output is used by Xcode 'outputs' to avoid re-running this script phase.\necho \"SUCCESS\" > \"${SCRIPT_OUTPUT_FILE_0}\"\n";
			showEnvVarsInLog = 0;
		};
/* End PBXShellScriptBuildPhase section */

/* Begin PBXSourcesBuildPhase section */
		39F721FD2C77C17B00DB0CD1 /* Sources */ = {
			isa = PBXSourcesBuildPhase;
			buildActionMask = 2147483647;
			files = (
				39F722072C77C17B00DB0CD1 /* ContentView.swift in Sources */,
				39E32F2D2C94C10A00FEB4D9 /* DataManager.swift in Sources */,
				39E32F292C93328A00FEB4D9 /* RadioItemView.swift in Sources */,
				39E32EB72C7FA01C00FEB4D9 /* HeaderView.swift in Sources */,
				394745E92CE539DC00BD24F1 /* PeopleRepository.swift in Sources */,
				39E32EAD2C7E6A0500FEB4D9 /* NavBar.swift in Sources */,
				392C26182CAC3A85000C913A /* PodcastView.swift in Sources */,
				39E32EB12C7E6D5400FEB4D9 /* RadioListView.swift in Sources */,
				39E32F272C93326200FEB4D9 /* PodcastItemView.swift in Sources */,
				394745E32CE3E8C600BD24F1 /* CoreDataStack.swift in Sources */,
				39F722052C77C17B00DB0CD1 /* RadioAppApp.swift in Sources */,
				394745E52CE3EA9000BD24F1 /* Person.swift in Sources */,
				39E32F1E2C89FCB000FEB4D9 /* Radio.swift in Sources */,
				392C261C2CE29CD6000C913A /* PersistenceController.swift in Sources */,
				394745E12CE3E88500BD24F1 /* RadioApp.xcdatamodeld in Sources */,
				39E32EB52C7E6D7D00FEB4D9 /* LibraryView.swift in Sources */,
				39E32EAF2C7E6D3800FEB4D9 /* HomeView.swift in Sources */,
				39E32F182C89F54C00FEB4D9 /* Podcast.swift in Sources */,
				39E32EAB2C7E138F00FEB4D9 /* SplashScreenView.swift in Sources */,
				39E32F102C87514400FEB4D9 /* RadioStation.swift in Sources */,
				39E32EB32C7E6D6400FEB4D9 /* PodcastListView.swift in Sources */,
			);
			runOnlyForDeploymentPostprocessing = 0;
		};
		39F7220D2C77C17C00DB0CD1 /* Sources */ = {
			isa = PBXSourcesBuildPhase;
			buildActionMask = 2147483647;
			files = (
				39F722162C77C17C00DB0CD1 /* RadioAppTests.swift in Sources */,
			);
			runOnlyForDeploymentPostprocessing = 0;
		};
		39F722172C77C17C00DB0CD1 /* Sources */ = {
			isa = PBXSourcesBuildPhase;
			buildActionMask = 2147483647;
			files = (
				39F722222C77C17C00DB0CD1 /* RadioAppUITestsLaunchTests.swift in Sources */,
				39F722202C77C17C00DB0CD1 /* RadioAppUITests.swift in Sources */,
			);
			runOnlyForDeploymentPostprocessing = 0;
		};
/* End PBXSourcesBuildPhase section */

/* Begin PBXTargetDependency section */
		39F722132C77C17C00DB0CD1 /* PBXTargetDependency */ = {
			isa = PBXTargetDependency;
			target = 39F722002C77C17B00DB0CD1 /* RadioApp */;
			targetProxy = 39F722122C77C17C00DB0CD1 /* PBXContainerItemProxy */;
		};
		39F7221D2C77C17C00DB0CD1 /* PBXTargetDependency */ = {
			isa = PBXTargetDependency;
			target = 39F722002C77C17B00DB0CD1 /* RadioApp */;
			targetProxy = 39F7221C2C77C17C00DB0CD1 /* PBXContainerItemProxy */;
		};
/* End PBXTargetDependency section */

/* Begin XCBuildConfiguration section */
		39F722232C77C17C00DB0CD1 /* Debug */ = {
			isa = XCBuildConfiguration;
			buildSettings = {
				ALWAYS_SEARCH_USER_PATHS = NO;
				ASSETCATALOG_COMPILER_GENERATE_SWIFT_ASSET_SYMBOL_EXTENSIONS = YES;
				CLANG_ANALYZER_NONNULL = YES;
				CLANG_ANALYZER_NUMBER_OBJECT_CONVERSION = YES_AGGRESSIVE;
				CLANG_CXX_LANGUAGE_STANDARD = "gnu++20";
				CLANG_ENABLE_MODULES = YES;
				CLANG_ENABLE_OBJC_ARC = YES;
				CLANG_ENABLE_OBJC_WEAK = YES;
				CLANG_WARN_BLOCK_CAPTURE_AUTORELEASING = YES;
				CLANG_WARN_BOOL_CONVERSION = YES;
				CLANG_WARN_COMMA = YES;
				CLANG_WARN_CONSTANT_CONVERSION = YES;
				CLANG_WARN_DEPRECATED_OBJC_IMPLEMENTATIONS = YES;
				CLANG_WARN_DIRECT_OBJC_ISA_USAGE = YES_ERROR;
				CLANG_WARN_DOCUMENTATION_COMMENTS = YES;
				CLANG_WARN_EMPTY_BODY = YES;
				CLANG_WARN_ENUM_CONVERSION = YES;
				CLANG_WARN_INFINITE_RECURSION = YES;
				CLANG_WARN_INT_CONVERSION = YES;
				CLANG_WARN_NON_LITERAL_NULL_CONVERSION = YES;
				CLANG_WARN_OBJC_IMPLICIT_RETAIN_SELF = YES;
				CLANG_WARN_OBJC_LITERAL_CONVERSION = YES;
				CLANG_WARN_OBJC_ROOT_CLASS = YES_ERROR;
				CLANG_WARN_QUOTED_INCLUDE_IN_FRAMEWORK_HEADER = YES;
				CLANG_WARN_RANGE_LOOP_ANALYSIS = YES;
				CLANG_WARN_STRICT_PROTOTYPES = YES;
				CLANG_WARN_SUSPICIOUS_MOVE = YES;
				CLANG_WARN_UNGUARDED_AVAILABILITY = YES_AGGRESSIVE;
				CLANG_WARN_UNREACHABLE_CODE = YES;
				CLANG_WARN__DUPLICATE_METHOD_MATCH = YES;
				COPY_PHASE_STRIP = NO;
				DEBUG_INFORMATION_FORMAT = dwarf;
				ENABLE_STRICT_OBJC_MSGSEND = YES;
				ENABLE_TESTABILITY = YES;
				ENABLE_USER_SCRIPT_SANDBOXING = NO;
				GCC_C_LANGUAGE_STANDARD = gnu17;
				GCC_DYNAMIC_NO_PIC = NO;
				GCC_NO_COMMON_BLOCKS = YES;
				GCC_OPTIMIZATION_LEVEL = 0;
				GCC_PREPROCESSOR_DEFINITIONS = (
					"DEBUG=1",
					"$(inherited)",
				);
				GCC_WARN_64_TO_32_BIT_CONVERSION = YES;
				GCC_WARN_ABOUT_RETURN_TYPE = YES_ERROR;
				GCC_WARN_UNDECLARED_SELECTOR = YES;
				GCC_WARN_UNINITIALIZED_AUTOS = YES_AGGRESSIVE;
				GCC_WARN_UNUSED_FUNCTION = YES;
				GCC_WARN_UNUSED_VARIABLE = YES;
				IPHONEOS_DEPLOYMENT_TARGET = 17.5;
				LOCALIZATION_PREFERS_STRING_CATALOGS = YES;
				MTL_ENABLE_DEBUG_INFO = INCLUDE_SOURCE;
				MTL_FAST_MATH = YES;
				ONLY_ACTIVE_ARCH = YES;
				SDKROOT = iphoneos;
				SWIFT_ACTIVE_COMPILATION_CONDITIONS = "DEBUG $(inherited)";
				SWIFT_OPTIMIZATION_LEVEL = "-Onone";
			};
			name = Debug;
		};
		39F722242C77C17C00DB0CD1 /* Release */ = {
			isa = XCBuildConfiguration;
			buildSettings = {
				ALWAYS_SEARCH_USER_PATHS = NO;
				ASSETCATALOG_COMPILER_GENERATE_SWIFT_ASSET_SYMBOL_EXTENSIONS = YES;
				CLANG_ANALYZER_NONNULL = YES;
				CLANG_ANALYZER_NUMBER_OBJECT_CONVERSION = YES_AGGRESSIVE;
				CLANG_CXX_LANGUAGE_STANDARD = "gnu++20";
				CLANG_ENABLE_MODULES = YES;
				CLANG_ENABLE_OBJC_ARC = YES;
				CLANG_ENABLE_OBJC_WEAK = YES;
				CLANG_WARN_BLOCK_CAPTURE_AUTORELEASING = YES;
				CLANG_WARN_BOOL_CONVERSION = YES;
				CLANG_WARN_COMMA = YES;
				CLANG_WARN_CONSTANT_CONVERSION = YES;
				CLANG_WARN_DEPRECATED_OBJC_IMPLEMENTATIONS = YES;
				CLANG_WARN_DIRECT_OBJC_ISA_USAGE = YES_ERROR;
				CLANG_WARN_DOCUMENTATION_COMMENTS = YES;
				CLANG_WARN_EMPTY_BODY = YES;
				CLANG_WARN_ENUM_CONVERSION = YES;
				CLANG_WARN_INFINITE_RECURSION = YES;
				CLANG_WARN_INT_CONVERSION = YES;
				CLANG_WARN_NON_LITERAL_NULL_CONVERSION = YES;
				CLANG_WARN_OBJC_IMPLICIT_RETAIN_SELF = YES;
				CLANG_WARN_OBJC_LITERAL_CONVERSION = YES;
				CLANG_WARN_OBJC_ROOT_CLASS = YES_ERROR;
				CLANG_WARN_QUOTED_INCLUDE_IN_FRAMEWORK_HEADER = YES;
				CLANG_WARN_RANGE_LOOP_ANALYSIS = YES;
				CLANG_WARN_STRICT_PROTOTYPES = YES;
				CLANG_WARN_SUSPICIOUS_MOVE = YES;
				CLANG_WARN_UNGUARDED_AVAILABILITY = YES_AGGRESSIVE;
				CLANG_WARN_UNREACHABLE_CODE = YES;
				CLANG_WARN__DUPLICATE_METHOD_MATCH = YES;
				COPY_PHASE_STRIP = NO;
				DEBUG_INFORMATION_FORMAT = "dwarf-with-dsym";
				ENABLE_NS_ASSERTIONS = NO;
				ENABLE_STRICT_OBJC_MSGSEND = YES;
				ENABLE_USER_SCRIPT_SANDBOXING = NO;
				GCC_C_LANGUAGE_STANDARD = gnu17;
				GCC_NO_COMMON_BLOCKS = YES;
				GCC_WARN_64_TO_32_BIT_CONVERSION = YES;
				GCC_WARN_ABOUT_RETURN_TYPE = YES_ERROR;
				GCC_WARN_UNDECLARED_SELECTOR = YES;
				GCC_WARN_UNINITIALIZED_AUTOS = YES_AGGRESSIVE;
				GCC_WARN_UNUSED_FUNCTION = YES;
				GCC_WARN_UNUSED_VARIABLE = YES;
				IPHONEOS_DEPLOYMENT_TARGET = 17.5;
				LOCALIZATION_PREFERS_STRING_CATALOGS = YES;
				MTL_ENABLE_DEBUG_INFO = NO;
				MTL_FAST_MATH = YES;
				SDKROOT = iphoneos;
				SWIFT_COMPILATION_MODE = wholemodule;
				VALIDATE_PRODUCT = YES;
			};
			name = Release;
		};
		39F722262C77C17C00DB0CD1 /* Debug */ = {
			isa = XCBuildConfiguration;
			baseConfigurationReference = 1BE4A4B43A71D6295BD00FB9 /* Pods-RadioApp.debug.xcconfig */;
			buildSettings = {
				ASSETCATALOG_COMPILER_APPICON_NAME = AppIcon;
				ASSETCATALOG_COMPILER_GLOBAL_ACCENT_COLOR_NAME = AccentColor;
				CODE_SIGN_STYLE = Automatic;
				CURRENT_PROJECT_VERSION = 1;
				DEVELOPMENT_ASSET_PATHS = "\"RadioApp/Preview Content\"";
				ENABLE_PREVIEWS = YES;
				GENERATE_INFOPLIST_FILE = YES;
				INFOPLIST_FILE = RadioApp/Info.plist;
				INFOPLIST_KEY_UIApplicationSceneManifest_Generation = YES;
				INFOPLIST_KEY_UIApplicationSupportsIndirectInputEvents = YES;
				INFOPLIST_KEY_UILaunchScreen_Generation = YES;
				INFOPLIST_KEY_UISupportedInterfaceOrientations_iPad = "UIInterfaceOrientationPortrait UIInterfaceOrientationPortraitUpsideDown UIInterfaceOrientationLandscapeLeft UIInterfaceOrientationLandscapeRight";
				INFOPLIST_KEY_UISupportedInterfaceOrientations_iPhone = "UIInterfaceOrientationPortrait UIInterfaceOrientationLandscapeLeft UIInterfaceOrientationLandscapeRight";
				LD_RUNPATH_SEARCH_PATHS = (
					"$(inherited)",
					"@executable_path/Frameworks",
				);
				MARKETING_VERSION = 1.0;
				PRODUCT_BUNDLE_IDENTIFIER = td.refonte.RadioApp;
				PRODUCT_NAME = "$(TARGET_NAME)";
				SWIFT_EMIT_LOC_STRINGS = YES;
				SWIFT_VERSION = 5.0;
				TARGETED_DEVICE_FAMILY = "1,2";
			};
			name = Debug;
		};
		39F722272C77C17C00DB0CD1 /* Release */ = {
			isa = XCBuildConfiguration;
			baseConfigurationReference = EDF9BD287684CC2531635ACA /* Pods-RadioApp.release.xcconfig */;
			buildSettings = {
				ASSETCATALOG_COMPILER_APPICON_NAME = AppIcon;
				ASSETCATALOG_COMPILER_GLOBAL_ACCENT_COLOR_NAME = AccentColor;
				CODE_SIGN_STYLE = Automatic;
				CURRENT_PROJECT_VERSION = 1;
				DEVELOPMENT_ASSET_PATHS = "\"RadioApp/Preview Content\"";
				ENABLE_PREVIEWS = YES;
				GENERATE_INFOPLIST_FILE = YES;
				INFOPLIST_FILE = RadioApp/Info.plist;
				INFOPLIST_KEY_UIApplicationSceneManifest_Generation = YES;
				INFOPLIST_KEY_UIApplicationSupportsIndirectInputEvents = YES;
				INFOPLIST_KEY_UILaunchScreen_Generation = YES;
				INFOPLIST_KEY_UISupportedInterfaceOrientations_iPad = "UIInterfaceOrientationPortrait UIInterfaceOrientationPortraitUpsideDown UIInterfaceOrientationLandscapeLeft UIInterfaceOrientationLandscapeRight";
				INFOPLIST_KEY_UISupportedInterfaceOrientations_iPhone = "UIInterfaceOrientationPortrait UIInterfaceOrientationLandscapeLeft UIInterfaceOrientationLandscapeRight";
				LD_RUNPATH_SEARCH_PATHS = (
					"$(inherited)",
					"@executable_path/Frameworks",
				);
				MARKETING_VERSION = 1.0;
				PRODUCT_BUNDLE_IDENTIFIER = td.refonte.RadioApp;
				PRODUCT_NAME = "$(TARGET_NAME)";
				SWIFT_EMIT_LOC_STRINGS = YES;
				SWIFT_VERSION = 5.0;
				TARGETED_DEVICE_FAMILY = "1,2";
			};
			name = Release;
		};
		39F722292C77C17C00DB0CD1 /* Debug */ = {
			isa = XCBuildConfiguration;
			baseConfigurationReference = CA03292A78081536608158D6 /* Pods-RadioAppTests.debug.xcconfig */;
			buildSettings = {
				ALWAYS_EMBED_SWIFT_STANDARD_LIBRARIES = YES;
				BUNDLE_LOADER = "$(TEST_HOST)";
				CODE_SIGN_STYLE = Automatic;
				CURRENT_PROJECT_VERSION = 1;
				GENERATE_INFOPLIST_FILE = YES;
				IPHONEOS_DEPLOYMENT_TARGET = 17.5;
				MARKETING_VERSION = 1.0;
				PRODUCT_BUNDLE_IDENTIFIER = td.refonte.RadioAppTests;
				PRODUCT_NAME = "$(TARGET_NAME)";
				SWIFT_EMIT_LOC_STRINGS = NO;
				SWIFT_VERSION = 5.0;
				TARGETED_DEVICE_FAMILY = "1,2";
				TEST_HOST = "$(BUILT_PRODUCTS_DIR)/RadioApp.app/$(BUNDLE_EXECUTABLE_FOLDER_PATH)/RadioApp";
			};
			name = Debug;
		};
		39F7222A2C77C17C00DB0CD1 /* Release */ = {
			isa = XCBuildConfiguration;
			baseConfigurationReference = 8A2042214F69AFF00797ADE4 /* Pods-RadioAppTests.release.xcconfig */;
			buildSettings = {
				ALWAYS_EMBED_SWIFT_STANDARD_LIBRARIES = YES;
				BUNDLE_LOADER = "$(TEST_HOST)";
				CODE_SIGN_STYLE = Automatic;
				CURRENT_PROJECT_VERSION = 1;
				GENERATE_INFOPLIST_FILE = YES;
				IPHONEOS_DEPLOYMENT_TARGET = 17.5;
				MARKETING_VERSION = 1.0;
				PRODUCT_BUNDLE_IDENTIFIER = td.refonte.RadioAppTests;
				PRODUCT_NAME = "$(TARGET_NAME)";
				SWIFT_EMIT_LOC_STRINGS = NO;
				SWIFT_VERSION = 5.0;
				TARGETED_DEVICE_FAMILY = "1,2";
				TEST_HOST = "$(BUILT_PRODUCTS_DIR)/RadioApp.app/$(BUNDLE_EXECUTABLE_FOLDER_PATH)/RadioApp";
			};
			name = Release;
		};
		39F7222C2C77C17C00DB0CD1 /* Debug */ = {
			isa = XCBuildConfiguration;
			baseConfigurationReference = 58E61ED9493CAF091B13049C /* Pods-RadioApp-RadioAppUITests.debug.xcconfig */;
			buildSettings = {
				ALWAYS_EMBED_SWIFT_STANDARD_LIBRARIES = YES;
				CODE_SIGN_STYLE = Automatic;
				CURRENT_PROJECT_VERSION = 1;
				GENERATE_INFOPLIST_FILE = YES;
				MARKETING_VERSION = 1.0;
				PRODUCT_BUNDLE_IDENTIFIER = td.refonte.RadioAppUITests;
				PRODUCT_NAME = "$(TARGET_NAME)";
				SWIFT_EMIT_LOC_STRINGS = NO;
				SWIFT_VERSION = 5.0;
				TARGETED_DEVICE_FAMILY = "1,2";
				TEST_TARGET_NAME = RadioApp;
			};
			name = Debug;
		};
		39F7222D2C77C17C00DB0CD1 /* Release */ = {
			isa = XCBuildConfiguration;
			baseConfigurationReference = ED3B55AE096C9FF8CCFF937D /* Pods-RadioApp-RadioAppUITests.release.xcconfig */;
			buildSettings = {
				ALWAYS_EMBED_SWIFT_STANDARD_LIBRARIES = YES;
				CODE_SIGN_STYLE = Automatic;
				CURRENT_PROJECT_VERSION = 1;
				GENERATE_INFOPLIST_FILE = YES;
				MARKETING_VERSION = 1.0;
				PRODUCT_BUNDLE_IDENTIFIER = td.refonte.RadioAppUITests;
				PRODUCT_NAME = "$(TARGET_NAME)";
				SWIFT_EMIT_LOC_STRINGS = NO;
				SWIFT_VERSION = 5.0;
				TARGETED_DEVICE_FAMILY = "1,2";
				TEST_TARGET_NAME = RadioApp;
			};
			name = Release;
		};
/* End XCBuildConfiguration section */

/* Begin XCConfigurationList section */
		39F721FC2C77C17B00DB0CD1 /* Build configuration list for PBXProject "RadioApp" */ = {
			isa = XCConfigurationList;
			buildConfigurations = (
				39F722232C77C17C00DB0CD1 /* Debug */,
				39F722242C77C17C00DB0CD1 /* Release */,
			);
			defaultConfigurationIsVisible = 0;
			defaultConfigurationName = Release;
		};
		39F722252C77C17C00DB0CD1 /* Build configuration list for PBXNativeTarget "RadioApp" */ = {
			isa = XCConfigurationList;
			buildConfigurations = (
				39F722262C77C17C00DB0CD1 /* Debug */,
				39F722272C77C17C00DB0CD1 /* Release */,
			);
			defaultConfigurationIsVisible = 0;
			defaultConfigurationName = Release;
		};
		39F722282C77C17C00DB0CD1 /* Build configuration list for PBXNativeTarget "RadioAppTests" */ = {
			isa = XCConfigurationList;
			buildConfigurations = (
				39F722292C77C17C00DB0CD1 /* Debug */,
				39F7222A2C77C17C00DB0CD1 /* Release */,
			);
			defaultConfigurationIsVisible = 0;
			defaultConfigurationName = Release;
		};
		39F7222B2C77C17C00DB0CD1 /* Build configuration list for PBXNativeTarget "RadioAppUITests" */ = {
			isa = XCConfigurationList;
			buildConfigurations = (
				39F7222C2C77C17C00DB0CD1 /* Debug */,
				39F7222D2C77C17C00DB0CD1 /* Release */,
			);
			defaultConfigurationIsVisible = 0;
			defaultConfigurationName = Release;
		};
/* End XCConfigurationList section */

/* Begin XCRemoteSwiftPackageReference section */
		39E32EF32C8318EE00FEB4D9 /* XCRemoteSwiftPackageReference "firebase-ios-sdk" */ = {
			isa = XCRemoteSwiftPackageReference;
			repositoryURL = "https://github.com/firebase/firebase-ios-sdk.git";
			requirement = {
				kind = upToNextMajorVersion;
				minimumVersion = 11.1.0;
			};
		};
/* End XCRemoteSwiftPackageReference section */

/* Begin XCSwiftPackageProductDependency section */
		39E32EF42C8318EE00FEB4D9 /* FirebaseAuth */ = {
			isa = XCSwiftPackageProductDependency;
			package = 39E32EF32C8318EE00FEB4D9 /* XCRemoteSwiftPackageReference "firebase-ios-sdk" */;
			productName = FirebaseAuth;
		};
		39E32EF62C8318EE00FEB4D9 /* FirebaseCrashlytics */ = {
			isa = XCSwiftPackageProductDependency;
			package = 39E32EF32C8318EE00FEB4D9 /* XCRemoteSwiftPackageReference "firebase-ios-sdk" */;
			productName = FirebaseCrashlytics;
		};
		39E32EF82C8318EE00FEB4D9 /* FirebaseDatabase */ = {
			isa = XCSwiftPackageProductDependency;
			package = 39E32EF32C8318EE00FEB4D9 /* XCRemoteSwiftPackageReference "firebase-ios-sdk" */;
			productName = FirebaseDatabase;
		};
		39E32EFA2C8318EE00FEB4D9 /* FirebaseFirestore */ = {
			isa = XCSwiftPackageProductDependency;
			package = 39E32EF32C8318EE00FEB4D9 /* XCRemoteSwiftPackageReference "firebase-ios-sdk" */;
			productName = FirebaseFirestore;
		};
		39E32EFC2C8318EE00FEB4D9 /* FirebaseStorage */ = {
			isa = XCSwiftPackageProductDependency;
			package = 39E32EF32C8318EE00FEB4D9 /* XCRemoteSwiftPackageReference "firebase-ios-sdk" */;
			productName = FirebaseStorage;
		};
/* End XCSwiftPackageProductDependency section */

/* Begin XCVersionGroup section */
		394745DF2CE3E88500BD24F1 /* RadioApp.xcdatamodeld */ = {
			isa = XCVersionGroup;
			children = (
				394745E02CE3E88500BD24F1 /* RadioApp.xcdatamodel */,
			);
			currentVersion = 394745E02CE3E88500BD24F1 /* RadioApp.xcdatamodel */;
			name = RadioApp.xcdatamodeld;
			path = /Users/teamdoc/Desktop/RadioApp/RadioApp/Models/CoreData/RadioApp.xcdatamodeld;
			sourceTree = "<group>";
			versionGroupType = wrapper.xcdatamodel;
		};
/* End XCVersionGroup section */
	};
	rootObject = 39F721F92C77C17B00DB0CD1 /* Project object */;
}
